
Microsoft Visual Studio Solution File, Format Version 12.00
# Visual Studio Version 16
VisualStudioVersion = 16.0.30804.86
MinimumVisualStudioVersion = 10.0.40219.1
Project("{FAE04EC0-301F-11D3-BF4B-00C04F79EFBC}") = "ex2_6_name_output", "ex2_6_name_output\ex2_6_name_output.csproj", "{F5A8EB9F-085C-4329-9FF5-FD42D337CEBC}"
EndProject
Global
	GlobalSection(SolutionConfigurationPlatforms) = preSolution
		Debug|Any CPU = Debug|Any CPU
		Release|Any CPU = Release|Any CPU
	EndGlobalSection
	GlobalSection(ProjectConfigurationPlatforms) = postSolution
		{F5A8EB9F-085C-4329-9FF5-FD42D337CEBC}.Debug|Any CPU.ActiveCfg = Debug|Any CPU
		{F5A8EB9F-085C-4329-9FF5-FD42D337CEBC}.Debug|Any CPU.Build.0 = Debug|Any CPU
		{F5A8EB9F-085C-4329-9FF5-FD42D337CEBC}.Release|Any CPU.ActiveCfg = Release|Any CPU
		{F5A8EB9F-085C-4329-9FF5-FD42D337CEBC}.Release|Any CPU.Build.0 = Release|Any CPU
	EndGlobalSection
	GlobalSection(SolutionProperties) = preSolution
		HideSolutionNode = FALSE
	EndGlobalSection
	GlobalSection(ExtensibilityGlobals) = postSolution
		SolutionGuid = {8FACEA1D-863B-427D-A8AD-F58A60FFAC51}
	EndGlobalSection
EndGlobal
